// !$*UTF8*$!
{
	archiveVersion = 1;
	classes = {
	};
	objectVersion = 48;
	objects = {

/* Begin PBXBuildFile section */
		3A6DC45D21AAA5970079E494 /* JukeboxItem.swift in Sources */ = {isa = PBXBuildFile; fileRef = 3A6DC45B21AAA5970079E494 /* JukeboxItem.swift */; };
		3A6DC45E21AAA5970079E494 /* Jukebox.swift in Sources */ = {isa = PBXBuildFile; fileRef = 3A6DC45C21AAA5970079E494 /* Jukebox.swift */; };
		3A6DC46921AAAB1E0079E494 /* 1.mp3 in Resources */ = {isa = PBXBuildFile; fileRef = 3A6DC46821AAAB1E0079E494 /* 1.mp3 */; };
		3AB2716821AA9F5400DEF53E /* AppDelegate.swift in Sources */ = {isa = PBXBuildFile; fileRef = 3AB2716721AA9F5400DEF53E /* AppDelegate.swift */; };
		3AB2716A21AA9F5400DEF53E /* ViewController.swift in Sources */ = {isa = PBXBuildFile; fileRef = 3AB2716921AA9F5400DEF53E /* ViewController.swift */; };
		3AB2716D21AA9F5400DEF53E /* Main.storyboard in Resources */ = {isa = PBXBuildFile; fileRef = 3AB2716B21AA9F5400DEF53E /* Main.storyboard */; };
		3AB2716F21AA9F5400DEF53E /* Assets.xcassets in Resources */ = {isa = PBXBuildFile; fileRef = 3AB2716E21AA9F5400DEF53E /* Assets.xcassets */; };
		3AB2717221AA9F5400DEF53E /* LaunchScreen.storyboard in Resources */ = {isa = PBXBuildFile; fileRef = 3AB2717021AA9F5400DEF53E /* LaunchScreen.storyboard */; };
		AB52D21E40DD9308A3216F3E /* Pods_EmilyEnglish.framework in Frameworks */ = {isa = PBXBuildFile; fileRef = D6CFB0CA1A492B2D36E41468 /* Pods_EmilyEnglish.framework */; };
		ECE627C721AAEFF600DC63BE /* 1.mp4 in Resources */ = {isa = PBXBuildFile; fileRef = ECE627C621AAEFF600DC63BE /* 1.mp4 */; };
		ECE627CC21AC262300DC63BE /* LettersViewController.swift in Sources */ = {isa = PBXBuildFile; fileRef = ECE627CB21AC262300DC63BE /* LettersViewController.swift */; };
		ECE627CE21AC263400DC63BE /* LetterDetailViewController.swift in Sources */ = {isa = PBXBuildFile; fileRef = ECE627CD21AC263400DC63BE /* LetterDetailViewController.swift */; };
		ECE627D021AD8C7500DC63BE /* ImageViewClCell.swift in Sources */ = {isa = PBXBuildFile; fileRef = ECE627CF21AD8C7500DC63BE /* ImageViewClCell.swift */; };
		ECE627D221AD8E5E00DC63BE /* LettersSoundView.swift in Sources */ = {isa = PBXBuildFile; fileRef = ECE627D121AD8E5E00DC63BE /* LettersSoundView.swift */; };
		ECE627D421AD8EBC00DC63BE /* ImageSoundView.swift in Sources */ = {isa = PBXBuildFile; fileRef = ECE627D321AD8EBC00DC63BE /* ImageSoundView.swift */; };
		ECE627D621AD8ED100DC63BE /* VideoView.swift in Sources */ = {isa = PBXBuildFile; fileRef = ECE627D521AD8ED100DC63BE /* VideoView.swift */; };
		ECE627D821B576CF00DC63BE /* LetterSoundClCell.swift in Sources */ = {isa = PBXBuildFile; fileRef = ECE627D721B576CF00DC63BE /* LetterSoundClCell.swift */; };
		ECE627DA21B57A5100DC63BE /* LetterModel.swift in Sources */ = {isa = PBXBuildFile; fileRef = ECE627D921B57A5100DC63BE /* LetterModel.swift */; };
/* End PBXBuildFile section */

/* Begin PBXFileReference section */
		3A6DC45B21AAA5970079E494 /* JukeboxItem.swift */ = {isa = PBXFileReference; fileEncoding = 4; lastKnownFileType = sourcecode.swift; path = JukeboxItem.swift; sourceTree = "<group>"; };
		3A6DC45C21AAA5970079E494 /* Jukebox.swift */ = {isa = PBXFileReference; fileEncoding = 4; lastKnownFileType = sourcecode.swift; path = Jukebox.swift; sourceTree = "<group>"; };
		3A6DC46821AAAB1E0079E494 /* 1.mp3 */ = {isa = PBXFileReference; lastKnownFileType = audio.mp3; path = 1.mp3; sourceTree = "<group>"; };
		3AB2716421AA9F5400DEF53E /* EmilyEnglish.app */ = {isa = PBXFileReference; explicitFileType = wrapper.application; includeInIndex = 0; path = EmilyEnglish.app; sourceTree = BUILT_PRODUCTS_DIR; };
		3AB2716721AA9F5400DEF53E /* AppDelegate.swift */ = {isa = PBXFileReference; lastKnownFileType = sourcecode.swift; path = AppDelegate.swift; sourceTree = "<group>"; };
		3AB2716921AA9F5400DEF53E /* ViewController.swift */ = {isa = PBXFileReference; lastKnownFileType = sourcecode.swift; path = ViewController.swift; sourceTree = "<group>"; };
		3AB2716C21AA9F5400DEF53E /* Base */ = {isa = PBXFileReference; lastKnownFileType = file.storyboard; name = Base; path = Base.lproj/Main.storyboard; sourceTree = "<group>"; };
		3AB2716E21AA9F5400DEF53E /* Assets.xcassets */ = {isa = PBXFileReference; lastKnownFileType = folder.assetcatalog; path = Assets.xcassets; sourceTree = "<group>"; };
		3AB2717121AA9F5400DEF53E /* Base */ = {isa = PBXFileReference; lastKnownFileType = file.storyboard; name = Base; path = Base.lproj/LaunchScreen.storyboard; sourceTree = "<group>"; };
		3AB2717321AA9F5400DEF53E /* Info.plist */ = {isa = PBXFileReference; lastKnownFileType = text.plist.xml; path = Info.plist; sourceTree = "<group>"; };
		B9AEF6972D1F9154BB1368FE /* Pods-EmilyEnglish.release.xcconfig */ = {isa = PBXFileReference; includeInIndex = 1; lastKnownFileType = text.xcconfig; name = "Pods-EmilyEnglish.release.xcconfig"; path = "Pods/Target Support Files/Pods-EmilyEnglish/Pods-EmilyEnglish.release.xcconfig"; sourceTree = "<group>"; };
		D6CFB0CA1A492B2D36E41468 /* Pods_EmilyEnglish.framework */ = {isa = PBXFileReference; explicitFileType = wrapper.framework; includeInIndex = 0; path = Pods_EmilyEnglish.framework; sourceTree = BUILT_PRODUCTS_DIR; };
		D9DD4D3069AA277DFCFE4D03 /* Pods-EmilyEnglish.debug.xcconfig */ = {isa = PBXFileReference; includeInIndex = 1; lastKnownFileType = text.xcconfig; name = "Pods-EmilyEnglish.debug.xcconfig"; path = "Pods/Target Support Files/Pods-EmilyEnglish/Pods-EmilyEnglish.debug.xcconfig"; sourceTree = "<group>"; };
		ECE627C621AAEFF600DC63BE /* 1.mp4 */ = {isa = PBXFileReference; lastKnownFileType = file; path = 1.mp4; sourceTree = "<group>"; };
		ECE627CB21AC262300DC63BE /* LettersViewController.swift */ = {isa = PBXFileReference; lastKnownFileType = sourcecode.swift; path = LettersViewController.swift; sourceTree = "<group>"; };
		ECE627CD21AC263400DC63BE /* LetterDetailViewController.swift */ = {isa = PBXFileReference; lastKnownFileType = sourcecode.swift; path = LetterDetailViewController.swift; sourceTree = "<group>"; };
		ECE627CF21AD8C7500DC63BE /* ImageViewClCell.swift */ = {isa = PBXFileReference; lastKnownFileType = sourcecode.swift; path = ImageViewClCell.swift; sourceTree = "<group>"; };
		ECE627D121AD8E5E00DC63BE /* LettersSoundView.swift */ = {isa = PBXFileReference; lastKnownFileType = sourcecode.swift; path = LettersSoundView.swift; sourceTree = "<group>"; };
		ECE627D321AD8EBC00DC63BE /* ImageSoundView.swift */ = {isa = PBXFileReference; lastKnownFileType = sourcecode.swift; path = ImageSoundView.swift; sourceTree = "<group>"; };
		ECE627D521AD8ED100DC63BE /* VideoView.swift */ = {isa = PBXFileReference; lastKnownFileType = sourcecode.swift; path = VideoView.swift; sourceTree = "<group>"; };
		ECE627D721B576CF00DC63BE /* LetterSoundClCell.swift */ = {isa = PBXFileReference; lastKnownFileType = sourcecode.swift; path = LetterSoundClCell.swift; sourceTree = "<group>"; };
		ECE627D921B57A5100DC63BE /* LetterModel.swift */ = {isa = PBXFileReference; lastKnownFileType = sourcecode.swift; path = LetterModel.swift; sourceTree = "<group>"; };
/* End PBXFileReference section */

/* Begin PBXFrameworksBuildPhase section */
		3AB2716121AA9F5400DEF53E /* Frameworks */ = {
			isa = PBXFrameworksBuildPhase;
			buildActionMask = 2147483647;
			files = (
				AB52D21E40DD9308A3216F3E /* Pods_EmilyEnglish.framework in Frameworks */,
			);
			runOnlyForDeploymentPostprocessing = 0;
		};
/* End PBXFrameworksBuildPhase section */

/* Begin PBXGroup section */
		3A6DC45A21AAA5970079E494 /* JukeBox */ = {
			isa = PBXGroup;
			children = (
				3A6DC45B21AAA5970079E494 /* JukeboxItem.swift */,
				3A6DC45C21AAA5970079E494 /* Jukebox.swift */,
			);
			path = JukeBox;
			sourceTree = "<group>";
		};
		3A6DC46621AAAB1E0079E494 /* Resources */ = {
			isa = PBXGroup;
			children = (
				ECE627C521AAEFDE00DC63BE /* Videos */,
				3A6DC46721AAAB1E0079E494 /* Mp3 */,
			);
			path = Resources;
			sourceTree = "<group>";
		};
		3A6DC46721AAAB1E0079E494 /* Mp3 */ = {
			isa = PBXGroup;
			children = (
				3A6DC46821AAAB1E0079E494 /* 1.mp3 */,
			);
			path = Mp3;
			sourceTree = "<group>";
		};
		3AB2715B21AA9F5400DEF53E = {
			isa = PBXGroup;
			children = (
				3AB2716621AA9F5400DEF53E /* EmilyEnglish */,
				3AB2716521AA9F5400DEF53E /* Products */,
				56CF151FF4B896CA52747952 /* Pods */,
				A21A6842FCA5FC651129DD7C /* Frameworks */,
			);
			sourceTree = "<group>";
		};
		3AB2716521AA9F5400DEF53E /* Products */ = {
			isa = PBXGroup;
			children = (
				3AB2716421AA9F5400DEF53E /* EmilyEnglish.app */,
			);
			name = Products;
			sourceTree = "<group>";
		};
		3AB2716621AA9F5400DEF53E /* EmilyEnglish */ = {
			isa = PBXGroup;
			children = (
				ECE627CA21AC260E00DC63BE /* Letters */,
				3A6DC46621AAAB1E0079E494 /* Resources */,
				3A6DC45A21AAA5970079E494 /* JukeBox */,
				3AB2716721AA9F5400DEF53E /* AppDelegate.swift */,
				3AB2716921AA9F5400DEF53E /* ViewController.swift */,
				3AB2716B21AA9F5400DEF53E /* Main.storyboard */,
				3AB2716E21AA9F5400DEF53E /* Assets.xcassets */,
				3AB2717021AA9F5400DEF53E /* LaunchScreen.storyboard */,
				3AB2717321AA9F5400DEF53E /* Info.plist */,
			);
			path = EmilyEnglish;
			sourceTree = "<group>";
		};
		56CF151FF4B896CA52747952 /* Pods */ = {
			isa = PBXGroup;
			children = (
				D9DD4D3069AA277DFCFE4D03 /* Pods-EmilyEnglish.debug.xcconfig */,
				B9AEF6972D1F9154BB1368FE /* Pods-EmilyEnglish.release.xcconfig */,
			);
			name = Pods;
			sourceTree = "<group>";
		};
		A21A6842FCA5FC651129DD7C /* Frameworks */ = {
			isa = PBXGroup;
			children = (
				D6CFB0CA1A492B2D36E41468 /* Pods_EmilyEnglish.framework */,
			);
			name = Frameworks;
			sourceTree = "<group>";
		};
		ECE627C521AAEFDE00DC63BE /* Videos */ = {
			isa = PBXGroup;
			children = (
				ECE627C621AAEFF600DC63BE /* 1.mp4 */,
			);
			path = Videos;
			sourceTree = "<group>";
		};
		ECE627CA21AC260E00DC63BE /* Letters */ = {
			isa = PBXGroup;
			children = (
				ECE627CB21AC262300DC63BE /* LettersViewController.swift */,
				ECE627CD21AC263400DC63BE /* LetterDetailViewController.swift */,
				ECE627CF21AD8C7500DC63BE /* ImageViewClCell.swift */,
				ECE627D121AD8E5E00DC63BE /* LettersSoundView.swift */,
				ECE627D321AD8EBC00DC63BE /* ImageSoundView.swift */,
				ECE627D521AD8ED100DC63BE /* VideoView.swift */,
				ECE627D721B576CF00DC63BE /* LetterSoundClCell.swift */,
				ECE627D921B57A5100DC63BE /* LetterModel.swift */,
			);
			path = Letters;
			sourceTree = "<group>";
		};
/* End PBXGroup section */

/* Begin PBXNativeTarget section */
		3AB2716321AA9F5400DEF53E /* EmilyEnglish */ = {
			isa = PBXNativeTarget;
			buildConfigurationList = 3AB2717621AA9F5400DEF53E /* Build configuration list for PBXNativeTarget "EmilyEnglish" */;
			buildPhases = (
				B2646C05855734CF9152CDC6 /* [CP] Check Pods Manifest.lock */,
				3AB2716021AA9F5400DEF53E /* Sources */,
				3AB2716121AA9F5400DEF53E /* Frameworks */,
				3AB2716221AA9F5400DEF53E /* Resources */,
				8BAA7B339771F04A503D04D3 /* [CP] Embed Pods Frameworks */,
				DB9F51E297C638A410F86538 /* [CP] Copy Pods Resources */,
			);
			buildRules = (
			);
			dependencies = (
			);
			name = EmilyEnglish;
			productName = EmilyEnglish;
			productReference = 3AB2716421AA9F5400DEF53E /* EmilyEnglish.app */;
			productType = "com.apple.product-type.application";
		};
/* End PBXNativeTarget section */

/* Begin PBXProject section */
		3AB2715C21AA9F5400DEF53E /* Project object */ = {
			isa = PBXProject;
			attributes = {
				LastSwiftUpdateCheck = 0920;
				LastUpgradeCheck = 0920;
				ORGANIZATIONNAME = hans;
				TargetAttributes = {
					3AB2716321AA9F5400DEF53E = {
						CreatedOnToolsVersion = 9.2;
						ProvisioningStyle = Automatic;
					};
				};
			};
			buildConfigurationList = 3AB2715F21AA9F5400DEF53E /* Build configuration list for PBXProject "EmilyEnglish" */;
			compatibilityVersion = "Xcode 8.0";
			developmentRegion = en;
			hasScannedForEncodings = 0;
			knownRegions = (
				en,
				Base,
			);
			mainGroup = 3AB2715B21AA9F5400DEF53E;
			productRefGroup = 3AB2716521AA9F5400DEF53E /* Products */;
			projectDirPath = "";
			projectRoot = "";
			targets = (
				3AB2716321AA9F5400DEF53E /* EmilyEnglish */,
			);
		};
/* End PBXProject section */

/* Begin PBXResourcesBuildPhase section */
		3AB2716221AA9F5400DEF53E /* Resources */ = {
			isa = PBXResourcesBuildPhase;
			buildActionMask = 2147483647;
			files = (
				3A6DC46921AAAB1E0079E494 /* 1.mp3 in Resources */,
				3AB2717221AA9F5400DEF53E /* LaunchScreen.storyboard in Resources */,
				ECE627C721AAEFF600DC63BE /* 1.mp4 in Resources */,
				3AB2716F21AA9F5400DEF53E /* Assets.xcassets in Resources */,
				3AB2716D21AA9F5400DEF53E /* Main.storyboard in Resources */,
			);
			runOnlyForDeploymentPostprocessing = 0;
		};
/* End PBXResourcesBuildPhase section */

/* Begin PBXShellScriptBuildPhase section */
		8BAA7B339771F04A503D04D3 /* [CP] Embed Pods Frameworks */ = {
			isa = PBXShellScriptBuildPhase;
			buildActionMask = 2147483647;
			files = (
			);
			inputPaths = (
				"${SRCROOT}/Pods/Target Support Files/Pods-EmilyEnglish/Pods-EmilyEnglish-frameworks.sh",
				"${BUILT_PRODUCTS_DIR}/MobilePlayer/MobilePlayer.framework",
				"${BUILT_PRODUCTS_DIR}/Player/Player.framework",
				"${BUILT_PRODUCTS_DIR}/RandomColorSwift/RandomColorSwift.framework",
				"${BUILT_PRODUCTS_DIR}/SnapKit/SnapKit.framework",
				"${BUILT_PRODUCTS_DIR}/SwiftySound/SwiftySound.framework",
			);
			name = "[CP] Embed Pods Frameworks";
			outputPaths = (
				"${TARGET_BUILD_DIR}/${FRAMEWORKS_FOLDER_PATH}/MobilePlayer.framework",
				"${TARGET_BUILD_DIR}/${FRAMEWORKS_FOLDER_PATH}/Player.framework",
				"${TARGET_BUILD_DIR}/${FRAMEWORKS_FOLDER_PATH}/RandomColorSwift.framework",
				"${TARGET_BUILD_DIR}/${FRAMEWORKS_FOLDER_PATH}/SnapKit.framework",
				"${TARGET_BUILD_DIR}/${FRAMEWORKS_FOLDER_PATH}/SwiftySound.framework",
			);
			runOnlyForDeploymentPostprocessing = 0;
			shellPath = /bin/sh;
			shellScript = "\"${SRCROOT}/Pods/Target Support Files/Pods-EmilyEnglish/Pods-EmilyEnglish-frameworks.sh\"\n";
			showEnvVarsInLog = 0;
		};
		B2646C05855734CF9152CDC6 /* [CP] Check Pods Manifest.lock */ = {
			isa = PBXShellScriptBuildPhase;
			buildActionMask = 2147483647;
			files = (
			);
			inputPaths = (
				"${PODS_PODFILE_DIR_PATH}/Podfile.lock",
				"${PODS_ROOT}/Manifest.lock",
			);
			name = "[CP] Check Pods Manifest.lock";
			outputPaths = (
				"$(DERIVED_FILE_DIR)/Pods-EmilyEnglish-checkManifestLockResult.txt",
			);
			runOnlyForDeploymentPostprocessing = 0;
			shellPath = /bin/sh;
			shellScript = "diff \"${PODS_PODFILE_DIR_PATH}/Podfile.lock\" \"${PODS_ROOT}/Manifest.lock\" > /dev/null\nif [ $? != 0 ] ; then\n    # print error to STDERR\n    echo \"error: The sandbox is not in sync with the Podfile.lock. Run 'pod install' or update your CocoaPods installation.\" >&2\n    exit 1\nfi\n# This output is used by Xcode 'outputs' to avoid re-running this script phase.\necho \"SUCCESS\" > \"${SCRIPT_OUTPUT_FILE_0}\"\n";
			showEnvVarsInLog = 0;
		};
		DB9F51E297C638A410F86538 /* [CP] Copy Pods Resources */ = {
			isa = PBXShellScriptBuildPhase;
			buildActionMask = 2147483647;
			files = (
			);
			inputPaths = (
			);
			name = "[CP] Copy Pods Resources";
			outputPaths = (
			);
			runOnlyForDeploymentPostprocessing = 0;
			shellPath = /bin/sh;
			shellScript = "\"${SRCROOT}/Pods/Target Support Files/Pods-EmilyEnglish/Pods-EmilyEnglish-resources.sh\"\n";
			showEnvVarsInLog = 0;
		};
/* End PBXShellScriptBuildPhase section */

/* Begin PBXSourcesBuildPhase section */
		3AB2716021AA9F5400DEF53E /* Sources */ = {
			isa = PBXSourcesBuildPhase;
			buildActionMask = 2147483647;
			files = (
				ECE627D221AD8E5E00DC63BE /* LettersSoundView.swift in Sources */,
				ECE627CE21AC263400DC63BE /* LetterDetailViewController.swift in Sources */,
				ECE627D421AD8EBC00DC63BE /* ImageSoundView.swift in Sources */,
				3A6DC45E21AAA5970079E494 /* Jukebox.swift in Sources */,
				3A6DC45D21AAA5970079E494 /* JukeboxItem.swift in Sources */,
				ECE627CC21AC262300DC63BE /* LettersViewController.swift in Sources */,
				ECE627D621AD8ED100DC63BE /* VideoView.swift in Sources */,
				3AB2716A21AA9F5400DEF53E /* ViewController.swift in Sources */,
				ECE627D821B576CF00DC63BE /* LetterSoundClCell.swift in Sources */,
				ECE627DA21B57A5100DC63BE /* LetterModel.swift in Sources */,
				ECE627D021AD8C7500DC63BE /* ImageViewClCell.swift in Sources */,
				3AB2716821AA9F5400DEF53E /* AppDelegate.swift in Sources */,
			);
			runOnlyForDeploymentPostprocessing = 0;
		};
/* End PBXSourcesBuildPhase section */

/* Begin PBXVariantGroup section */
		3AB2716B21AA9F5400DEF53E /* Main.storyboard */ = {
			isa = PBXVariantGroup;
			children = (
				3AB2716C21AA9F5400DEF53E /* Base */,
			);
			name = Main.storyboard;
			sourceTree = "<group>";
		};
		3AB2717021AA9F5400DEF53E /* LaunchScreen.storyboard */ = {
			isa = PBXVariantGroup;
			children = (
				3AB2717121AA9F5400DEF53E /* Base */,
			);
			name = LaunchScreen.storyboard;
			sourceTree = "<group>";
		};
/* End PBXVariantGroup section */

/* Begin XCBuildConfiguration section */
		3AB2717421AA9F5400DEF53E /* Debug */ = {
			isa = XCBuildConfiguration;
			buildSettings = {
				ALWAYS_SEARCH_USER_PATHS = NO;
				CLANG_ANALYZER_NONNULL = YES;
				CLANG_ANALYZER_NUMBER_OBJECT_CONVERSION = YES_AGGRESSIVE;
				CLANG_CXX_LANGUAGE_STANDARD = "gnu++14";
				CLANG_CXX_LIBRARY = "libc++";
				CLANG_ENABLE_MODULES = YES;
				CLANG_ENABLE_OBJC_ARC = YES;
				CLANG_WARN_BLOCK_CAPTURE_AUTORELEASING = YES;
				CLANG_WARN_BOOL_CONVERSION = YES;
				CLANG_WARN_COMMA = YES;
				CLANG_WARN_CONSTANT_CONVERSION = YES;
				CLANG_WARN_DIRECT_OBJC_ISA_USAGE = YES_ERROR;
				CLANG_WARN_DOCUMENTATION_COMMENTS = YES;
				CLANG_WARN_EMPTY_BODY = YES;
				CLANG_WARN_ENUM_CONVERSION = YES;
				CLANG_WARN_INFINITE_RECURSION = YES;
				CLANG_WARN_INT_CONVERSION = YES;
				CLANG_WARN_NON_LITERAL_NULL_CONVERSION = YES;
				CLANG_WARN_OBJC_LITERAL_CONVERSION = YES;
				CLANG_WARN_OBJC_ROOT_CLASS = YES_ERROR;
				CLANG_WARN_RANGE_LOOP_ANALYSIS = YES;
				CLANG_WARN_STRICT_PROTOTYPES = YES;
				CLANG_WARN_SUSPICIOUS_MOVE = YES;
				CLANG_WARN_UNGUARDED_AVAILABILITY = YES_AGGRESSIVE;
				CLANG_WARN_UNREACHABLE_CODE = YES;
				CLANG_WARN__DUPLICATE_METHOD_MATCH = YES;
				CODE_SIGN_IDENTITY = "iPhone Developer";
				COPY_PHASE_STRIP = NO;
				DEBUG_INFORMATION_FORMAT = dwarf;
				ENABLE_STRICT_OBJC_MSGSEND = YES;
				ENABLE_TESTABILITY = YES;
				GCC_C_LANGUAGE_STANDARD = gnu11;
				GCC_DYNAMIC_NO_PIC = NO;
				GCC_NO_COMMON_BLOCKS = YES;
				GCC_OPTIMIZATION_LEVEL = 0;
				GCC_PREPROCESSOR_DEFINITIONS = (
					"DEBUG=1",
					"$(inherited)",
				);
				GCC_WARN_64_TO_32_BIT_CONVERSION = YES;
				GCC_WARN_ABOUT_RETURN_TYPE = YES_ERROR;
				GCC_WARN_UNDECLARED_SELECTOR = YES;
				GCC_WARN_UNINITIALIZED_AUTOS = YES_AGGRESSIVE;
				GCC_WARN_UNUSED_FUNCTION = YES;
				GCC_WARN_UNUSED_VARIABLE = YES;
				IPHONEOS_DEPLOYMENT_TARGET = 11.2;
				MTL_ENABLE_DEBUG_INFO = YES;
				ONLY_ACTIVE_ARCH = YES;
				SDKROOT = iphoneos;
				SWIFT_ACTIVE_COMPILATION_CONDITIONS = DEBUG;
				SWIFT_OPTIMIZATION_LEVEL = "-Onone";
			};
			name = Debug;
		};
		3AB2717521AA9F5400DEF53E /* Release */ = {
			isa = XCBuildConfiguration;
			buildSettings = {
				ALWAYS_SEARCH_USER_PATHS = NO;
				CLANG_ANALYZER_NONNULL = YES;
				CLANG_ANALYZER_NUMBER_OBJECT_CONVERSION = YES_AGGRESSIVE;
				CLANG_CXX_LANGUAGE_STANDARD = "gnu++14";
				CLANG_CXX_LIBRARY = "libc++";
				CLANG_ENABLE_MODULES = YES;
				CLANG_ENABLE_OBJC_ARC = YES;
				CLANG_WARN_BLOCK_CAPTURE_AUTORELEASING = YES;
				CLANG_WARN_BOOL_CONVERSION = YES;
				CLANG_WARN_COMMA = YES;
				CLANG_WARN_CONSTANT_CONVERSION = YES;
				CLANG_WARN_DIRECT_OBJC_ISA_USAGE = YES_ERROR;
				CLANG_WARN_DOCUMENTATION_COMMENTS = YES;
				CLANG_WARN_EMPTY_BODY = YES;
				CLANG_WARN_ENUM_CONVERSION = YES;
				CLANG_WARN_INFINITE_RECURSION = YES;
				CLANG_WARN_INT_CONVERSION = YES;
				CLANG_WARN_NON_LITERAL_NULL_CONVERSION = YES;
				CLANG_WARN_OBJC_LITERAL_CONVERSION = YES;
				CLANG_WARN_OBJC_ROOT_CLASS = YES_ERROR;
				CLANG_WARN_RANGE_LOOP_ANALYSIS = YES;
				CLANG_WARN_STRICT_PROTOTYPES = YES;
				CLANG_WARN_SUSPICIOUS_MOVE = YES;
				CLANG_WARN_UNGUARDED_AVAILABILITY = YES_AGGRESSIVE;
				CLANG_WARN_UNREACHABLE_CODE = YES;
				CLANG_WARN__DUPLICATE_METHOD_MATCH = YES;
				CODE_SIGN_IDENTITY = "iPhone Developer";
				COPY_PHASE_STRIP = NO;
				DEBUG_INFORMATION_FORMAT = "dwarf-with-dsym";
				ENABLE_NS_ASSERTIONS = NO;
				ENABLE_STRICT_OBJC_MSGSEND = YES;
				GCC_C_LANGUAGE_STANDARD = gnu11;
				GCC_NO_COMMON_BLOCKS = YES;
				GCC_WARN_64_TO_32_BIT_CONVERSION = YES;
				GCC_WARN_ABOUT_RETURN_TYPE = YES_ERROR;
				GCC_WARN_UNDECLARED_SELECTOR = YES;
				GCC_WARN_UNINITIALIZED_AUTOS = YES_AGGRESSIVE;
				GCC_WARN_UNUSED_FUNCTION = YES;
				GCC_WARN_UNUSED_VARIABLE = YES;
				IPHONEOS_DEPLOYMENT_TARGET = 11.2;
				MTL_ENABLE_DEBUG_INFO = NO;
				SDKROOT = iphoneos;
				SWIFT_OPTIMIZATION_LEVEL = "-Owholemodule";
				VALIDATE_PRODUCT = YES;
			};
			name = Release;
		};
		3AB2717721AA9F5400DEF53E /* Debug */ = {
			isa = XCBuildConfiguration;
			baseConfigurationReference = D9DD4D3069AA277DFCFE4D03 /* Pods-EmilyEnglish.debug.xcconfig */;
			buildSettings = {
				ASSETCATALOG_COMPILER_APPICON_NAME = AppIcon;
				CODE_SIGN_IDENTITY = "iPhone Developer";
				CODE_SIGN_STYLE = Automatic;
				DEVELOPMENT_TEAM = A26RM6Y92W;
				INFOPLIST_FILE = EmilyEnglish/Info.plist;
				LD_RUNPATH_SEARCH_PATHS = "$(inherited) @executable_path/Frameworks";
				PRODUCT_BUNDLE_IDENTIFIER = com.hans.EmilyEnglish;
				PRODUCT_NAME = "$(TARGET_NAME)";
				PROVISIONING_PROFILE_SPECIFIER = "";
				SWIFT_VERSION = 4.0;
				TARGETED_DEVICE_FAMILY = "1,2";
			};
			name = Debug;
		};
		3AB2717821AA9F5400DEF53E /* Release */ = {
			isa = XCBuildConfiguration;
			baseConfigurationReference = B9AEF6972D1F9154BB1368FE /* Pods-EmilyEnglish.release.xcconfig */;
			buildSettings = {
				ASSETCATALOG_COMPILER_APPICON_NAME = AppIcon;
				CODE_SIGN_IDENTITY = "iPhone Developer";
				CODE_SIGN_STYLE = Automatic;
				DEVELOPMENT_TEAM = A26RM6Y92W;
				INFOPLIST_FILE = EmilyEnglish/Info.plist;
				LD_RUNPATH_SEARCH_PATHS = "$(inherited) @executable_path/Frameworks";
				PRODUCT_BUNDLE_IDENTIFIER = com.hans.EmilyEnglish;
				PRODUCT_NAME = "$(TARGET_NAME)";
				PROVISIONING_PROFILE_SPECIFIER = "";
				SWIFT_VERSION = 4.0;
				TARGETED_DEVICE_FAMILY = "1,2";
			};
			name = Release;
		};
/* End XCBuildConfiguration section */

/* Begin XCConfigurationList section */
		3AB2715F21AA9F5400DEF53E /* Build configuration list for PBXProject "EmilyEnglish" */ = {
			isa = XCConfigurationList;
			buildConfigurations = (
				3AB2717421AA9F5400DEF53E /* Debug */,
				3AB2717521AA9F5400DEF53E /* Release */,
			);
			defaultConfigurationIsVisible = 0;
			defaultConfigurationName = Release;
		};
		3AB2717621AA9F5400DEF53E /* Build configuration list for PBXNativeTarget "EmilyEnglish" */ = {
			isa = XCConfigurationList;
			buildConfigurations = (
				3AB2717721AA9F5400DEF53E /* Debug */,
				3AB2717821AA9F5400DEF53E /* Release */,
			);
			defaultConfigurationIsVisible = 0;
			defaultConfigurationName = Release;
		};
/* End XCConfigurationList section */
	};
	rootObject = 3AB2715C21AA9F5400DEF53E /* Project object */;
}
